// !$*UTF8*$!
{
	archiveVersion = 1;
	classes = {
	};
	objectVersion = 50;
	objects = {

/* Begin PBXBuildFile section */
		3F725289254380ED0044A7F0 /* AppDelegate.swift in Sources */ = {isa = PBXBuildFile; fileRef = 3F725288254380ED0044A7F0 /* AppDelegate.swift */; };
		3F72528B254380ED0044A7F0 /* SceneDelegate.swift in Sources */ = {isa = PBXBuildFile; fileRef = 3F72528A254380ED0044A7F0 /* SceneDelegate.swift */; };
		3F72528D254380ED0044A7F0 /* ViewController.swift in Sources */ = {isa = PBXBuildFile; fileRef = 3F72528C254380ED0044A7F0 /* ViewController.swift */; };
		3F725290254380ED0044A7F0 /* Main.storyboard in Resources */ = {isa = PBXBuildFile; fileRef = 3F72528E254380ED0044A7F0 /* Main.storyboard */; };
		3F725292254380F00044A7F0 /* Assets.xcassets in Resources */ = {isa = PBXBuildFile; fileRef = 3F725291254380F00044A7F0 /* Assets.xcassets */; };
		3F725295254380F00044A7F0 /* LaunchScreen.storyboard in Resources */ = {isa = PBXBuildFile; fileRef = 3F725293254380F00044A7F0 /* LaunchScreen.storyboard */; };
		3F7252A0254380F10044A7F0 /* WomenInCodeTests.swift in Sources */ = {isa = PBXBuildFile; fileRef = 3F72529F254380F10044A7F0 /* WomenInCodeTests.swift */; };
		3F7252AB254380F10044A7F0 /* WomenInCodeUITests.swift in Sources */ = {isa = PBXBuildFile; fileRef = 3F7252AA254380F10044A7F0 /* WomenInCodeUITests.swift */; };
		3F7252C1254381220044A7F0 /* HomeViewController.swift in Sources */ = {isa = PBXBuildFile; fileRef = 3F7252C0254381220044A7F0 /* HomeViewController.swift */; };
		3F7252C9254381310044A7F0 /* AboutViewController.swift in Sources */ = {isa = PBXBuildFile; fileRef = 3F7252C8254381310044A7F0 /* AboutViewController.swift */; };
		3F7252CE2543813E0044A7F0 /* StrugglesViewController.swift in Sources */ = {isa = PBXBuildFile; fileRef = 3F7252CD2543813E0044A7F0 /* StrugglesViewController.swift */; };
		3F7252D3254381710044A7F0 /* AchievementsViewController.swift in Sources */ = {isa = PBXBuildFile; fileRef = 3F7252D2254381710044A7F0 /* AchievementsViewController.swift */; };
		3F7252DB254381820044A7F0 /* WomenViewController.swift in Sources */ = {isa = PBXBuildFile; fileRef = 3F7252DA254381820044A7F0 /* WomenViewController.swift */; };
/* End PBXBuildFile section */

/* Begin PBXContainerItemProxy section */
		3F72529C254380F10044A7F0 /* PBXContainerItemProxy */ = {
			isa = PBXContainerItemProxy;
			containerPortal = 3F72527D254380ED0044A7F0 /* Project object */;
			proxyType = 1;
			remoteGlobalIDString = 3F725284254380ED0044A7F0;
			remoteInfo = WomenInCode;
		};
		3F7252A7254380F10044A7F0 /* PBXContainerItemProxy */ = {
			isa = PBXContainerItemProxy;
			containerPortal = 3F72527D254380ED0044A7F0 /* Project object */;
			proxyType = 1;
			remoteGlobalIDString = 3F725284254380ED0044A7F0;
			remoteInfo = WomenInCode;
		};
/* End PBXContainerItemProxy section */

/* Begin PBXFileReference section */
		3F725285254380ED0044A7F0 /* WomenInCode.app */ = {isa = PBXFileReference; explicitFileType = wrapper.application; includeInIndex = 0; path = WomenInCode.app; sourceTree = BUILT_PRODUCTS_DIR; };
		3F725288254380ED0044A7F0 /* AppDelegate.swift */ = {isa = PBXFileReference; lastKnownFileType = sourcecode.swift; path = AppDelegate.swift; sourceTree = "<group>"; };
		3F72528A254380ED0044A7F0 /* SceneDelegate.swift */ = {isa = PBXFileReference; lastKnownFileType = sourcecode.swift; path = SceneDelegate.swift; sourceTree = "<group>"; };
		3F72528C254380ED0044A7F0 /* ViewController.swift */ = {isa = PBXFileReference; lastKnownFileType = sourcecode.swift; path = ViewController.swift; sourceTree = "<group>"; };
		3F72528F254380ED0044A7F0 /* Base */ = {isa = PBXFileReference; lastKnownFileType = file.storyboard; name = Base; path = Base.lproj/Main.storyboard; sourceTree = "<group>"; };
		3F725291254380F00044A7F0 /* Assets.xcassets */ = {isa = PBXFileReference; lastKnownFileType = folder.assetcatalog; path = Assets.xcassets; sourceTree = "<group>"; };
		3F725294254380F00044A7F0 /* Base */ = {isa = PBXFileReference; lastKnownFileType = file.storyboard; name = Base; path = Base.lproj/LaunchScreen.storyboard; sourceTree = "<group>"; };
		3F725296254380F00044A7F0 /* Info.plist */ = {isa = PBXFileReference; lastKnownFileType = text.plist.xml; path = Info.plist; sourceTree = "<group>"; };
		3F72529B254380F10044A7F0 /* WomenInCodeTests.xctest */ = {isa = PBXFileReference; explicitFileType = wrapper.cfbundle; includeInIndex = 0; path = WomenInCodeTests.xctest; sourceTree = BUILT_PRODUCTS_DIR; };
		3F72529F254380F10044A7F0 /* WomenInCodeTests.swift */ = {isa = PBXFileReference; lastKnownFileType = sourcecode.swift; path = WomenInCodeTests.swift; sourceTree = "<group>"; };
		3F7252A1254380F10044A7F0 /* Info.plist */ = {isa = PBXFileReference; lastKnownFileType = text.plist.xml; path = Info.plist; sourceTree = "<group>"; };
		3F7252A6254380F10044A7F0 /* WomenInCodeUITests.xctest */ = {isa = PBXFileReference; explicitFileType = wrapper.cfbundle; includeInIndex = 0; path = WomenInCodeUITests.xctest; sourceTree = BUILT_PRODUCTS_DIR; };
		3F7252AA254380F10044A7F0 /* WomenInCodeUITests.swift */ = {isa = PBXFileReference; lastKnownFileType = sourcecode.swift; path = WomenInCodeUITests.swift; sourceTree = "<group>"; };
		3F7252AC254380F10044A7F0 /* Info.plist */ = {isa = PBXFileReference; lastKnownFileType = text.plist.xml; path = Info.plist; sourceTree = "<group>"; };
		3F7252C0254381220044A7F0 /* HomeViewController.swift */ = {isa = PBXFileReference; lastKnownFileType = sourcecode.swift; path = HomeViewController.swift; sourceTree = "<group>"; };
		3F7252C8254381310044A7F0 /* AboutViewController.swift */ = {isa = PBXFileReference; lastKnownFileType = sourcecode.swift; path = AboutViewController.swift; sourceTree = "<group>"; };
		3F7252CD2543813E0044A7F0 /* StrugglesViewController.swift */ = {isa = PBXFileReference; lastKnownFileType = sourcecode.swift; path = StrugglesViewController.swift; sourceTree = "<group>"; };
		3F7252D2254381710044A7F0 /* AchievementsViewController.swift */ = {isa = PBXFileReference; lastKnownFileType = sourcecode.swift; path = AchievementsViewController.swift; sourceTree = "<group>"; };
		3F7252DA254381820044A7F0 /* WomenViewController.swift */ = {isa = PBXFileReference; lastKnownFileType = sourcecode.swift; path = WomenViewController.swift; sourceTree = "<group>"; };
/* End PBXFileReference section */

/* Begin PBXFrameworksBuildPhase section */
		3F725282254380ED0044A7F0 /* Frameworks */ = {
			isa = PBXFrameworksBuildPhase;
			buildActionMask = 2147483647;
			files = (
			);
			runOnlyForDeploymentPostprocessing = 0;
		};
		3F725298254380F10044A7F0 /* Frameworks */ = {
			isa = PBXFrameworksBuildPhase;
			buildActionMask = 2147483647;
			files = (
			);
			runOnlyForDeploymentPostprocessing = 0;
		};
		3F7252A3254380F10044A7F0 /* Frameworks */ = {
			isa = PBXFrameworksBuildPhase;
			buildActionMask = 2147483647;
			files = (
			);
			runOnlyForDeploymentPostprocessing = 0;
		};
/* End PBXFrameworksBuildPhase section */

/* Begin PBXGroup section */
		3F72527C254380ED0044A7F0 = {
			isa = PBXGroup;
			children = (
				3F725287254380ED0044A7F0 /* WomenInCode */,
				3F72529E254380F10044A7F0 /* WomenInCodeTests */,
				3F7252A9254380F10044A7F0 /* WomenInCodeUITests */,
				3F725286254380ED0044A7F0 /* Products */,
			);
			sourceTree = "<group>";
		};
		3F725286254380ED0044A7F0 /* Products */ = {
			isa = PBXGroup;
			children = (
				3F725285254380ED0044A7F0 /* WomenInCode.app */,
				3F72529B254380F10044A7F0 /* WomenInCodeTests.xctest */,
				3F7252A6254380F10044A7F0 /* WomenInCodeUITests.xctest */,
			);
			name = Products;
			sourceTree = "<group>";
		};
		3F725287254380ED0044A7F0 /* WomenInCode */ = {
			isa = PBXGroup;
			children = (
				3F7252BB254380FB0044A7F0 /* Controllers */,
				3F725288254380ED0044A7F0 /* AppDelegate.swift */,
				3F72528A254380ED0044A7F0 /* SceneDelegate.swift */,
				3F72528C254380ED0044A7F0 /* ViewController.swift */,
				3F72528E254380ED0044A7F0 /* Main.storyboard */,
				3F725291254380F00044A7F0 /* Assets.xcassets */,
				3F725293254380F00044A7F0 /* LaunchScreen.storyboard */,
				3F725296254380F00044A7F0 /* Info.plist */,
			);
			path = WomenInCode;
			sourceTree = "<group>";
		};
		3F72529E254380F10044A7F0 /* WomenInCodeTests */ = {
			isa = PBXGroup;
			children = (
				3F72529F254380F10044A7F0 /* WomenInCodeTests.swift */,
				3F7252A1254380F10044A7F0 /* Info.plist */,
			);
			path = WomenInCodeTests;
			sourceTree = "<group>";
		};
		3F7252A9254380F10044A7F0 /* WomenInCodeUITests */ = {
			isa = PBXGroup;
			children = (
				3F7252AA254380F10044A7F0 /* WomenInCodeUITests.swift */,
				3F7252AC254380F10044A7F0 /* Info.plist */,
			);
			path = WomenInCodeUITests;
			sourceTree = "<group>";
		};
		3F7252BB254380FB0044A7F0 /* Controllers */ = {
			isa = PBXGroup;
			children = (
				3F7252BF254381030044A7F0 /* Views */,
				3F7252D2254381710044A7F0 /* AchievementsViewController.swift */,
				3F7252C0254381220044A7F0 /* HomeViewController.swift */,
				3F7252C8254381310044A7F0 /* AboutViewController.swift */,
				3F7252CD2543813E0044A7F0 /* StrugglesViewController.swift */,
				3F7252DA254381820044A7F0 /* WomenViewController.swift */,
			);
			path = Controllers;
			sourceTree = "<group>";
		};
		3F7252BF254381030044A7F0 /* Views */ = {
			isa = PBXGroup;
			children = (
			);
			path = Views;
			sourceTree = "<group>";
		};
/* End PBXGroup section */

/* Begin PBXNativeTarget section */
		3F725284254380ED0044A7F0 /* WomenInCode */ = {
			isa = PBXNativeTarget;
			buildConfigurationList = 3F7252AF254380F10044A7F0 /* Build configuration list for PBXNativeTarget "WomenInCode" */;
			buildPhases = (
				3F725281254380ED0044A7F0 /* Sources */,
				3F725282254380ED0044A7F0 /* Frameworks */,
				3F725283254380ED0044A7F0 /* Resources */,
			);
			buildRules = (
			);
			dependencies = (
			);
			name = WomenInCode;
			productName = WomenInCode;
			productReference = 3F725285254380ED0044A7F0 /* WomenInCode.app */;
			productType = "com.apple.product-type.application";
		};
		3F72529A254380F10044A7F0 /* WomenInCodeTests */ = {
			isa = PBXNativeTarget;
			buildConfigurationList = 3F7252B2254380F10044A7F0 /* Build configuration list for PBXNativeTarget "WomenInCodeTests" */;
			buildPhases = (
				3F725297254380F10044A7F0 /* Sources */,
				3F725298254380F10044A7F0 /* Frameworks */,
				3F725299254380F10044A7F0 /* Resources */,
			);
			buildRules = (
			);
			dependencies = (
				3F72529D254380F10044A7F0 /* PBXTargetDependency */,
			);
			name = WomenInCodeTests;
			productName = WomenInCodeTests;
			productReference = 3F72529B254380F10044A7F0 /* WomenInCodeTests.xctest */;
			productType = "com.apple.product-type.bundle.unit-test";
		};
		3F7252A5254380F10044A7F0 /* WomenInCodeUITests */ = {
			isa = PBXNativeTarget;
			buildConfigurationList = 3F7252B5254380F10044A7F0 /* Build configuration list for PBXNativeTarget "WomenInCodeUITests" */;
			buildPhases = (
				3F7252A2254380F10044A7F0 /* Sources */,
				3F7252A3254380F10044A7F0 /* Frameworks */,
				3F7252A4254380F10044A7F0 /* Resources */,
			);
			buildRules = (
			);
			dependencies = (
				3F7252A8254380F10044A7F0 /* PBXTargetDependency */,
			);
			name = WomenInCodeUITests;
			productName = WomenInCodeUITests;
			productReference = 3F7252A6254380F10044A7F0 /* WomenInCodeUITests.xctest */;
			productType = "com.apple.product-type.bundle.ui-testing";
		};
/* End PBXNativeTarget section */

/* Begin PBXProject section */
		3F72527D254380ED0044A7F0 /* Project object */ = {
			isa = PBXProject;
			attributes = {
				LastSwiftUpdateCheck = 1210;
				LastUpgradeCheck = 1210;
				TargetAttributes = {
					3F725284254380ED0044A7F0 = {
						CreatedOnToolsVersion = 12.1;
					};
					3F72529A254380F10044A7F0 = {
						CreatedOnToolsVersion = 12.1;
						TestTargetID = 3F725284254380ED0044A7F0;
					};
					3F7252A5254380F10044A7F0 = {
						CreatedOnToolsVersion = 12.1;
						TestTargetID = 3F725284254380ED0044A7F0;
					};
				};
			};
			buildConfigurationList = 3F725280254380ED0044A7F0 /* Build configuration list for PBXProject "WomenInCode" */;
			compatibilityVersion = "Xcode 9.3";
			developmentRegion = en;
			hasScannedForEncodings = 0;
			knownRegions = (
				en,
				Base,
			);
			mainGroup = 3F72527C254380ED0044A7F0;
			productRefGroup = 3F725286254380ED0044A7F0 /* Products */;
			projectDirPath = "";
			projectRoot = "";
			targets = (
				3F725284254380ED0044A7F0 /* WomenInCode */,
				3F72529A254380F10044A7F0 /* WomenInCodeTests */,
				3F7252A5254380F10044A7F0 /* WomenInCodeUITests */,
			);
		};
/* End PBXProject section */

/* Begin PBXResourcesBuildPhase section */
		3F725283254380ED0044A7F0 /* Resources */ = {
			isa = PBXResourcesBuildPhase;
			buildActionMask = 2147483647;
			files = (
				3F725295254380F00044A7F0 /* LaunchScreen.storyboard in Resources */,
				3F725292254380F00044A7F0 /* Assets.xcassets in Resources */,
				3F725290254380ED0044A7F0 /* Main.storyboard in Resources */,
			);
			runOnlyForDeploymentPostprocessing = 0;
		};
		3F725299254380F10044A7F0 /* Resources */ = {
			isa = PBXResourcesBuildPhase;
			buildActionMask = 2147483647;
			files = (
			);
			runOnlyForDeploymentPostprocessing = 0;
		};
		3F7252A4254380F10044A7F0 /* Resources */ = {
			isa = PBXResourcesBuildPhase;
			buildActionMask = 2147483647;
			files = (
			);
			runOnlyForDeploymentPostprocessing = 0;
		};
/* End PBXResourcesBuildPhase section */

/* Begin PBXSourcesBuildPhase section */
		3F725281254380ED0044A7F0 /* Sources */ = {
			isa = PBXSourcesBuildPhase;
			buildActionMask = 2147483647;
			files = (
				3F72528D254380ED0044A7F0 /* ViewController.swift in Sources */,
				3F7252DB254381820044A7F0 /* WomenViewController.swift in Sources */,
				3F725289254380ED0044A7F0 /* AppDelegate.swift in Sources */,
				3F72528B254380ED0044A7F0 /* SceneDelegate.swift in Sources */,
				3F7252CE2543813E0044A7F0 /* StrugglesViewController.swift in Sources */,
				3F7252C9254381310044A7F0 /* AboutViewController.swift in Sources */,
				3F7252D3254381710044A7F0 /* AchievementsViewController.swift in Sources */,
				3F7252C1254381220044A7F0 /* HomeViewController.swift in Sources */,
			);
			runOnlyForDeploymentPostprocessing = 0;
		};
		3F725297254380F10044A7F0 /* Sources */ = {
			isa = PBXSourcesBuildPhase;
			buildActionMask = 2147483647;
			files = (
				3F7252A0254380F10044A7F0 /* WomenInCodeTests.swift in Sources */,
			);
			runOnlyForDeploymentPostprocessing = 0;
		};
		3F7252A2254380F10044A7F0 /* Sources */ = {
			isa = PBXSourcesBuildPhase;
			buildActionMask = 2147483647;
			files = (
				3F7252AB254380F10044A7F0 /* WomenInCodeUITests.swift in Sources */,
			);
			runOnlyForDeploymentPostprocessing = 0;
		};
/* End PBXSourcesBuildPhase section */

/* Begin PBXTargetDependency section */
		3F72529D254380F10044A7F0 /* PBXTargetDependency */ = {
			isa = PBXTargetDependency;
			target = 3F725284254380ED0044A7F0 /* WomenInCode */;
			targetProxy = 3F72529C254380F10044A7F0 /* PBXContainerItemProxy */;
		};
		3F7252A8254380F10044A7F0 /* PBXTargetDependency */ = {
			isa = PBXTargetDependency;
			target = 3F725284254380ED0044A7F0 /* WomenInCode */;
			targetProxy = 3F7252A7254380F10044A7F0 /* PBXContainerItemProxy */;
		};
/* End PBXTargetDependency section */

/* Begin PBXVariantGroup section */
		3F72528E254380ED0044A7F0 /* Main.storyboard */ = {
			isa = PBXVariantGroup;
			children = (
				3F72528F254380ED0044A7F0 /* Base */,
			);
			name = Main.storyboard;
			sourceTree = "<group>";
		};
		3F725293254380F00044A7F0 /* LaunchScreen.storyboard */ = {
			isa = PBXVariantGroup;
			children = (
				3F725294254380F00044A7F0 /* Base */,
			);
			name = LaunchScreen.storyboard;
			sourceTree = "<group>";
		};
/* End PBXVariantGroup section */

/* Begin XCBuildConfiguration section */
		3F7252AD254380F10044A7F0 /* Debug */ = {
			isa = XCBuildConfiguration;
			buildSettings = {
				ALWAYS_SEARCH_USER_PATHS = NO;
				CLANG_ANALYZER_NONNULL = YES;
				CLANG_ANALYZER_NUMBER_OBJECT_CONVERSION = YES_AGGRESSIVE;
				CLANG_CXX_LANGUAGE_STANDARD = "gnu++14";
				CLANG_CXX_LIBRARY = "libc++";
				CLANG_ENABLE_MODULES = YES;
				CLANG_ENABLE_OBJC_ARC = YES;
				CLANG_ENABLE_OBJC_WEAK = YES;
				CLANG_WARN_BLOCK_CAPTURE_AUTORELEASING = YES;
				CLANG_WARN_BOOL_CONVERSION = YES;
				CLANG_WARN_COMMA = YES;
				CLANG_WARN_CONSTANT_CONVERSION = YES;
				CLANG_WARN_DEPRECATED_OBJC_IMPLEMENTATIONS = YES;
				CLANG_WARN_DIRECT_OBJC_ISA_USAGE = YES_ERROR;
				CLANG_WARN_DOCUMENTATION_COMMENTS = YES;
				CLANG_WARN_EMPTY_BODY = YES;
				CLANG_WARN_ENUM_CONVERSION = YES;
				CLANG_WARN_INFINITE_RECURSION = YES;
				CLANG_WARN_INT_CONVERSION = YES;
				CLANG_WARN_NON_LITERAL_NULL_CONVERSION = YES;
				CLANG_WARN_OBJC_IMPLICIT_RETAIN_SELF = YES;
				CLANG_WARN_OBJC_LITERAL_CONVERSION = YES;
				CLANG_WARN_OBJC_ROOT_CLASS = YES_ERROR;
				CLANG_WARN_QUOTED_INCLUDE_IN_FRAMEWORK_HEADER = YES;
				CLANG_WARN_RANGE_LOOP_ANALYSIS = YES;
				CLANG_WARN_STRICT_PROTOTYPES = YES;
				CLANG_WARN_SUSPICIOUS_MOVE = YES;
				CLANG_WARN_UNGUARDED_AVAILABILITY = YES_AGGRESSIVE;
				CLANG_WARN_UNREACHABLE_CODE = YES;
				CLANG_WARN__DUPLICATE_METHOD_MATCH = YES;
				COPY_PHASE_STRIP = NO;
				DEBUG_INFORMATION_FORMAT = dwarf;
				ENABLE_STRICT_OBJC_MSGSEND = YES;
				ENABLE_TESTABILITY = YES;
				GCC_C_LANGUAGE_STANDARD = gnu11;
				GCC_DYNAMIC_NO_PIC = NO;
				GCC_NO_COMMON_BLOCKS = YES;
				GCC_OPTIMIZATION_LEVEL = 0;
				GCC_PREPROCESSOR_DEFINITIONS = (
					"DEBUG=1",
					"$(inherited)",
				);
				GCC_WARN_64_TO_32_BIT_CONVERSION = YES;
				GCC_WARN_ABOUT_RETURN_TYPE = YES_ERROR;
				GCC_WARN_UNDECLARED_SELECTOR = YES;
				GCC_WARN_UNINITIALIZED_AUTOS = YES_AGGRESSIVE;
				GCC_WARN_UNUSED_FUNCTION = YES;
				GCC_WARN_UNUSED_VARIABLE = YES;
				IPHONEOS_DEPLOYMENT_TARGET = 14.1;
				MTL_ENABLE_DEBUG_INFO = INCLUDE_SOURCE;
				MTL_FAST_MATH = YES;
				ONLY_ACTIVE_ARCH = YES;
				SDKROOT = iphoneos;
				SWIFT_ACTIVE_COMPILATION_CONDITIONS = DEBUG;
				SWIFT_OPTIMIZATION_LEVEL = "-Onone";
			};
			name = Debug;
		};
		3F7252AE254380F10044A7F0 /* Release */ = {
			isa = XCBuildConfiguration;
			buildSettings = {
				ALWAYS_SEARCH_USER_PATHS = NO;
				CLANG_ANALYZER_NONNULL = YES;
				CLANG_ANALYZER_NUMBER_OBJECT_CONVERSION = YES_AGGRESSIVE;
				CLANG_CXX_LANGUAGE_STANDARD = "gnu++14";
				CLANG_CXX_LIBRARY = "libc++";
				CLANG_ENABLE_MODULES = YES;
				CLANG_ENABLE_OBJC_ARC = YES;
				CLANG_ENABLE_OBJC_WEAK = YES;
				CLANG_WARN_BLOCK_CAPTURE_AUTORELEASING = YES;
				CLANG_WARN_BOOL_CONVERSION = YES;
				CLANG_WARN_COMMA = YES;
				CLANG_WARN_CONSTANT_CONVERSION = YES;
				CLANG_WARN_DEPRECATED_OBJC_IMPLEMENTATIONS = YES;
				CLANG_WARN_DIRECT_OBJC_ISA_USAGE = YES_ERROR;
				CLANG_WARN_DOCUMENTATION_COMMENTS = YES;
				CLANG_WARN_EMPTY_BODY = YES;
				CLANG_WARN_ENUM_CONVERSION = YES;
				CLANG_WARN_INFINITE_RECURSION = YES;
				CLANG_WARN_INT_CONVERSION = YES;
				CLANG_WARN_NON_LITERAL_NULL_CONVERSION = YES;
				CLANG_WARN_OBJC_IMPLICIT_RETAIN_SELF = YES;
				CLANG_WARN_OBJC_LITERAL_CONVERSION = YES;
				CLANG_WARN_OBJC_ROOT_CLASS = YES_ERROR;
				CLANG_WARN_QUOTED_INCLUDE_IN_FRAMEWORK_HEADER = YES;
				CLANG_WARN_RANGE_LOOP_ANALYSIS = YES;
				CLANG_WARN_STRICT_PROTOTYPES = YES;
				CLANG_WARN_SUSPICIOUS_MOVE = YES;
				CLANG_WARN_UNGUARDED_AVAILABILITY = YES_AGGRESSIVE;
				CLANG_WARN_UNREACHABLE_CODE = YES;
				CLANG_WARN__DUPLICATE_METHOD_MATCH = YES;
				COPY_PHASE_STRIP = NO;
				DEBUG_INFORMATION_FORMAT = "dwarf-with-dsym";
				ENABLE_NS_ASSERTIONS = NO;
				ENABLE_STRICT_OBJC_MSGSEND = YES;
				GCC_C_LANGUAGE_STANDARD = gnu11;
				GCC_NO_COMMON_BLOCKS = YES;
				GCC_WARN_64_TO_32_BIT_CONVERSION = YES;
				GCC_WARN_ABOUT_RETURN_TYPE = YES_ERROR;
				GCC_WARN_UNDECLARED_SELECTOR = YES;
				GCC_WARN_UNINITIALIZED_AUTOS = YES_AGGRESSIVE;
				GCC_WARN_UNUSED_FUNCTION = YES;
				GCC_WARN_UNUSED_VARIABLE = YES;
				IPHONEOS_DEPLOYMENT_TARGET = 14.1;
				MTL_ENABLE_DEBUG_INFO = NO;
				MTL_FAST_MATH = YES;
				SDKROOT = iphoneos;
				SWIFT_COMPILATION_MODE = wholemodule;
				SWIFT_OPTIMIZATION_LEVEL = "-O";
				VALIDATE_PRODUCT = YES;
			};
			name = Release;
		};
		3F7252B0254380F10044A7F0 /* Debug */ = {
			isa = XCBuildConfiguration;
			buildSettings = {
				ASSETCATALOG_COMPILER_APPICON_NAME = AppIcon;
				ASSETCATALOG_COMPILER_GLOBAL_ACCENT_COLOR_NAME = AccentColor;
				CODE_SIGN_STYLE = Automatic;
				DEVELOPMENT_TEAM = 6VH946FT2M;
				INFOPLIST_FILE = WomenInCode/Info.plist;
				LD_RUNPATH_SEARCH_PATHS = (
					"$(inherited)",
					"@executable_path/Frameworks",
				);
				PRODUCT_BUNDLE_IDENTIFIER = com.henrycalderon.WomenInCode;
				PRODUCT_NAME = "$(TARGET_NAME)";
				SWIFT_VERSION = 5.0;
				TARGETED_DEVICE_FAMILY = "1,2";
			};
			name = Debug;
		};
		3F7252B1254380F10044A7F0 /* Release */ = {
			isa = XCBuildConfiguration;
			buildSettings = {
				ASSETCATALOG_COMPILER_APPICON_NAME = AppIcon;
				ASSETCATALOG_COMPILER_GLOBAL_ACCENT_COLOR_NAME = AccentColor;
				CODE_SIGN_STYLE = Automatic;
				DEVELOPMENT_TEAM = 6VH946FT2M;
				INFOPLIST_FILE = WomenInCode/Info.plist;
				LD_RUNPATH_SEARCH_PATHS = (
					"$(inherited)",
					"@executable_path/Frameworks",
				);
				PRODUCT_BUNDLE_IDENTIFIER = com.henrycalderon.WomenInCode;
				PRODUCT_NAME = "$(TARGET_NAME)";
				SWIFT_VERSION = 5.0;
				TARGETED_DEVICE_FAMILY = "1,2";
			};
			name = Release;
		};
		3F7252B3254380F10044A7F0 /* Debug */ = {
			isa = XCBuildConfiguration;
			buildSettings = {
				ALWAYS_EMBED_SWIFT_STANDARD_LIBRARIES = YES;
				BUNDLE_LOADER = "$(TEST_HOST)";
				CODE_SIGN_STYLE = Automatic;
				DEVELOPMENT_TEAM = 6VH946FT2M;
				INFOPLIST_FILE = WomenInCodeTests/Info.plist;
				IPHONEOS_DEPLOYMENT_TARGET = 14.1;
				LD_RUNPATH_SEARCH_PATHS = (
					"$(inherited)",
					"@executable_path/Frameworks",
					"@loader_path/Frameworks",
				);
				PRODUCT_BUNDLE_IDENTIFIER = com.henrycalderon.WomenInCodeTests;
				PRODUCT_NAME = "$(TARGET_NAME)";
				SWIFT_VERSION = 5.0;
				TARGETED_DEVICE_FAMILY = "1,2";
				TEST_HOST = "$(BUILT_PRODUCTS_DIR)/WomenInCode.app/WomenInCode";
			};
			name = Debug;
		};
		3F7252B4254380F10044A7F0 /* Release */ = {
			isa = XCBuildConfiguration;
			buildSettings = {
				ALWAYS_EMBED_SWIFT_STANDARD_LIBRARIES = YES;
				BUNDLE_LOADER = "$(TEST_HOST)";
				CODE_SIGN_STYLE = Automatic;
				DEVELOPMENT_TEAM = 6VH946FT2M;
				INFOPLIST_FILE = WomenInCodeTests/Info.plist;
				IPHONEOS_DEPLOYMENT_TARGET = 14.1;
				LD_RUNPATH_SEARCH_PATHS = (
					"$(inherited)",
					"@executable_path/Frameworks",
					"@loader_path/Frameworks",
				);
				PRODUCT_BUNDLE_IDENTIFIER = com.henrycalderon.WomenInCodeTests;
				PRODUCT_NAME = "$(TARGET_NAME)";
				SWIFT_VERSION = 5.0;
				TARGETED_DEVICE_FAMILY = "1,2";
				TEST_HOST = "$(BUILT_PRODUCTS_DIR)/WomenInCode.app/WomenInCode";
			};
			name = Release;
		};
		3F7252B6254380F10044A7F0 /* Debug */ = {
			isa = XCBuildConfiguration;
			buildSettings = {
				ALWAYS_EMBED_SWIFT_STANDARD_LIBRARIES = YES;
				CODE_SIGN_STYLE = Automatic;
				DEVELOPMENT_TEAM = 6VH946FT2M;
				INFOPLIST_FILE = WomenInCodeUITests/Info.plist;
				LD_RUNPATH_SEARCH_PATHS = (
					"$(inherited)",
					"@executable_path/Frameworks",
					"@loader_path/Frameworks",
				);
				PRODUCT_BUNDLE_IDENTIFIER = com.henrycalderon.WomenInCodeUITests;
				PRODUCT_NAME = "$(TARGET_NAME)";
				SWIFT_VERSION = 5.0;
				TARGETED_DEVICE_FAMILY = "1,2";
				TEST_TARGET_NAME = WomenInCode;
			};
			name = Debug;
		};
		3F7252B7254380F10044A7F0 /* Release */ = {
			isa = XCBuildConfiguration;
			buildSettings = {
				ALWAYS_EMBED_SWIFT_STANDARD_LIBRARIES = YES;
				CODE_SIGN_STYLE = Automatic;
				DEVELOPMENT_TEAM = 6VH946FT2M;
				INFOPLIST_FILE = WomenInCodeUITests/Info.plist;
				LD_RUNPATH_SEARCH_PATHS = (
					"$(inherited)",
					"@executable_path/Frameworks",
					"@loader_path/Frameworks",
				);
				PRODUCT_BUNDLE_IDENTIFIER = com.henrycalderon.WomenInCodeUITests;
				PRODUCT_NAME = "$(TARGET_NAME)";
				SWIFT_VERSION = 5.0;
				TARGETED_DEVICE_FAMILY = "1,2";
				TEST_TARGET_NAME = WomenInCode;
			};
			name = Release;
		};
/* End XCBuildConfiguration section */

/* Begin XCConfigurationList section */
		3F725280254380ED0044A7F0 /* Build configuration list for PBXProject "WomenInCode" */ = {
			isa = XCConfigurationList;
			buildConfigurations = (
				3F7252AD254380F10044A7F0 /* Debug */,
				3F7252AE254380F10044A7F0 /* Release */,
			);
			defaultConfigurationIsVisible = 0;
			defaultConfigurationName = Release;
		};
		3F7252AF254380F10044A7F0 /* Build configuration list for PBXNativeTarget "WomenInCode" */ = {
			isa = XCConfigurationList;
			buildConfigurations = (
				3F7252B0254380F10044A7F0 /* Debug */,
				3F7252B1254380F10044A7F0 /* Release */,
			);
			defaultConfigurationIsVisible = 0;
			defaultConfigurationName = Release;
		};
		3F7252B2254380F10044A7F0 /* Build configuration list for PBXNativeTarget "WomenInCodeTests" */ = {
			isa = XCConfigurationList;
			buildConfigurations = (
				3F7252B3254380F10044A7F0 /* Debug */,
				3F7252B4254380F10044A7F0 /* Release */,
			);
			defaultConfigurationIsVisible = 0;
			defaultConfigurationName = Release;
		};
		3F7252B5254380F10044A7F0 /* Build configuration list for PBXNativeTarget "WomenInCodeUITests" */ = {
			isa = XCConfigurationList;
			buildConfigurations = (
				3F7252B6254380F10044A7F0 /* Debug */,
				3F7252B7254380F10044A7F0 /* Release */,
			);
			defaultConfigurationIsVisible = 0;
			defaultConfigurationName = Release;
		};
/* End XCConfigurationList section */
	};
	rootObject = 3F72527D254380ED0044A7F0 /* Project object */;
}
